
Microsoft Visual Studio Solution File, Format Version 12.00
# Visual Studio Version 17
VisualStudioVersion = 17.0.31903.59
MinimumVisualStudioVersion = 10.0.40219.1
Project("{2150E333-8FDC-42A3-9474-1A3956D46DE8}") = "src", "src", "{9AC7F707-81E5-44D7-8148-28069C8AACEB}"
EndProject
Project("{2150E333-8FDC-42A3-9474-1A3956D46DE8}") = "BuildingBlocks", "BuildingBlocks", "{BAD69475-3245-487E-9EC9-AEE8DEE05F2D}"
EndProject
Project("{2150E333-8FDC-42A3-9474-1A3956D46DE8}") = "Modules", "Modules", "{127096CA-F39F-4BA7-B4FC-3138D430895B}"
EndProject
Project("{FAE04EC0-301F-11D3-BF4B-00C04F79EFBC}") = "BuildingBlocks", "src\BuildingBlocks\BuildingBlocks.csproj", "{36B477F2-BE8F-4481-A392-32A6585FA187}"
EndProject
Project("{2150E333-8FDC-42A3-9474-1A3956D46DE8}") = "Booking", "Booking", "{F97E74F9-A003-45D2-8830-DD4DE84C8EA8}"
EndProject
Project("{2150E333-8FDC-42A3-9474-1A3956D46DE8}") = "Flight", "Flight", "{9B7555D1-55D6-40E6-A307-189BD46D2F56}"
EndProject
Project("{2150E333-8FDC-42A3-9474-1A3956D46DE8}") = "Passenger", "Passenger", "{634DD505-7F47-42EC-AC2E-76C003F58D4A}"
EndProject
Project("{2150E333-8FDC-42A3-9474-1A3956D46DE8}") = "Identity", "Identity", "{4A3B8AB7-089A-41D2-BA3C-70CFDAD8DC19}"
EndProject
Project("{2150E333-8FDC-42A3-9474-1A3956D46DE8}") = "src", "src", "{AACDF391-E723-4F8A-98D6-1FEA43164211}"
EndProject
Project("{2150E333-8FDC-42A3-9474-1A3956D46DE8}") = "tests", "tests", "{AEEA57EA-9060-4868-9E33-D8CC57640A13}"
EndProject
Project("{2150E333-8FDC-42A3-9474-1A3956D46DE8}") = "src", "src", "{7626862F-700E-4938-9AD3-6AAD17D04CE5}"
EndProject
Project("{2150E333-8FDC-42A3-9474-1A3956D46DE8}") = "tests", "tests", "{78C15374-C6B0-4FD3-B92B-90B9443A2F55}"
EndProject
Project("{2150E333-8FDC-42A3-9474-1A3956D46DE8}") = "src", "src", "{DAD4BAFD-875B-47BB-B938-7EA8BB92B05E}"
EndProject
Project("{2150E333-8FDC-42A3-9474-1A3956D46DE8}") = "tests", "tests", "{A004CDD2-2302-4BD6-9C5D-A0B05C0021E1}"
EndProject
Project("{2150E333-8FDC-42A3-9474-1A3956D46DE8}") = "src", "src", "{FC07F4FF-D06A-4CF3-A31B-FB5B3124E90A}"
EndProject
Project("{2150E333-8FDC-42A3-9474-1A3956D46DE8}") = "tests", "tests", "{84F38947-4029-4135-B74F-5F357DCDCF16}"
EndProject
Project("{FAE04EC0-301F-11D3-BF4B-00C04F79EFBC}") = "Booking", "src\Modules\Booking\src\Booking.csproj", "{AC9FC723-36B3-4B57-B429-DCA6C261F071}"
EndProject
Project("{FAE04EC0-301F-11D3-BF4B-00C04F79EFBC}") = "Integration.Test", "src\Modules\Booking\tests\Integration.Test\Integration.Test.csproj", "{61B17790-729D-4165-BC9B-AA558D352566}"
EndProject
Project("{FAE04EC0-301F-11D3-BF4B-00C04F79EFBC}") = "Flight", "src\Modules\Flight\src\Flight.csproj", "{3EAD5046-9AC2-4EDD-BC57-7B487EED8463}"
EndProject
Project("{FAE04EC0-301F-11D3-BF4B-00C04F79EFBC}") = "EndToEnd.Test", "src\Modules\Flight\tests\EndToEnd.Test\EndToEnd.Test.csproj", "{AB67D154-0C94-4192-AA33-F8388E882DD4}"
EndProject
Project("{FAE04EC0-301F-11D3-BF4B-00C04F79EFBC}") = "Integration.Test", "src\Modules\Flight\tests\Integration.Test\Integration.Test.csproj", "{DE626722-0518-4A81-A133-29DAB743FF3F}"
EndProject
Project("{FAE04EC0-301F-11D3-BF4B-00C04F79EFBC}") = "Unit.Test", "src\Modules\Flight\tests\Unit.Test\Unit.Test.csproj", "{60E774BC-6D3F-4B02-8689-0CCE4E12A098}"
EndProject
Project("{FAE04EC0-301F-11D3-BF4B-00C04F79EFBC}") = "Identity", "src\Modules\Identity\src\Identity.csproj", "{7B3DA14A-F111-405C-A5E0-165431E41A46}"
EndProject
Project("{FAE04EC0-301F-11D3-BF4B-00C04F79EFBC}") = "Integration.Test", "src\Modules\Identity\tests\Integration.Test\Integration.Test.csproj", "{3FAD0261-89FA-4405-8253-FC13FCE050C1}"
EndProject
Project("{FAE04EC0-301F-11D3-BF4B-00C04F79EFBC}") = "Passenger", "src\Modules\Passenger\src\Passenger.csproj", "{5EE2AEA6-317D-4565-97D2-83CD9854FD84}"
EndProject
Project("{FAE04EC0-301F-11D3-BF4B-00C04F79EFBC}") = "Integration.Test", "src\Modules\Passenger\tests\Integration.Test\Integration.Test.csproj", "{F3F9A7D6-F4DA-4202-818F-0C5A8F120933}"
EndProject
Project("{2150E333-8FDC-42A3-9474-1A3956D46DE8}") = "Api", "Api", "{A0E81C26-2005-4F64-9596-3CB3936E94BA}"
EndProject
Project("{2150E333-8FDC-42A3-9474-1A3956D46DE8}") = "src", "src", "{FF82468F-9541-4B11-B99E-43E3D3350174}"
EndProject
Project("{FAE04EC0-301F-11D3-BF4B-00C04F79EFBC}") = "Api", "src\Api\src\Api.csproj", "{6E8856FE-15E6-428C-83BA-4D9E925B1D21}"
EndProject
Project("{2150E333-8FDC-42A3-9474-1A3956D46DE8}") = "Aspire", "Aspire", "{D2A0CE91-BCCA-486D-97D9-184AE242E867}"
EndProject
Project("{2150E333-8FDC-42A3-9474-1A3956D46DE8}") = "src", "src", "{EE2FB786-543B-425C-A270-C19A36BEFB2F}"
EndProject
Project("{FAE04EC0-301F-11D3-BF4B-00C04F79EFBC}") = "AppHost", "src\Aspire\src\AppHost\AppHost.csproj", "{42BAF3C9-8E06-438D-947F-6FCE2A415C30}"
EndProject
Project("{FAE04EC0-301F-11D3-BF4B-00C04F79EFBC}") = "ServiceDefaults", "src\Aspire\src\ServiceDefaults\ServiceDefaults.csproj", "{A3DF22DD-8EC2-484A-9389-FA626FF8225D}"
EndProject
Global
	GlobalSection(SolutionConfigurationPlatforms) = preSolution
		Debug|Any CPU = Debug|Any CPU
		Release|Any CPU = Release|Any CPU
	EndGlobalSection
	GlobalSection(SolutionProperties) = preSolution
		HideSolutionNode = FALSE
	EndGlobalSection
	GlobalSection(NestedProjects) = preSolution
		{BAD69475-3245-487E-9EC9-AEE8DEE05F2D} = {9AC7F707-81E5-44D7-8148-28069C8AACEB}
		{127096CA-F39F-4BA7-B4FC-3138D430895B} = {9AC7F707-81E5-44D7-8148-28069C8AACEB}
		{36B477F2-BE8F-4481-A392-32A6585FA187} = {BAD69475-3245-487E-9EC9-AEE8DEE05F2D}
		{F97E74F9-A003-45D2-8830-DD4DE84C8EA8} = {127096CA-F39F-4BA7-B4FC-3138D430895B}
		{9B7555D1-55D6-40E6-A307-189BD46D2F56} = {127096CA-F39F-4BA7-B4FC-3138D430895B}
		{634DD505-7F47-42EC-AC2E-76C003F58D4A} = {127096CA-F39F-4BA7-B4FC-3138D430895B}
		{4A3B8AB7-089A-41D2-BA3C-70CFDAD8DC19} = {127096CA-F39F-4BA7-B4FC-3138D430895B}
		{AACDF391-E723-4F8A-98D6-1FEA43164211} = {F97E74F9-A003-45D2-8830-DD4DE84C8EA8}
		{AEEA57EA-9060-4868-9E33-D8CC57640A13} = {F97E74F9-A003-45D2-8830-DD4DE84C8EA8}
		{7626862F-700E-4938-9AD3-6AAD17D04CE5} = {9B7555D1-55D6-40E6-A307-189BD46D2F56}
		{78C15374-C6B0-4FD3-B92B-90B9443A2F55} = {9B7555D1-55D6-40E6-A307-189BD46D2F56}
		{DAD4BAFD-875B-47BB-B938-7EA8BB92B05E} = {4A3B8AB7-089A-41D2-BA3C-70CFDAD8DC19}
		{A004CDD2-2302-4BD6-9C5D-A0B05C0021E1} = {4A3B8AB7-089A-41D2-BA3C-70CFDAD8DC19}
		{FC07F4FF-D06A-4CF3-A31B-FB5B3124E90A} = {634DD505-7F47-42EC-AC2E-76C003F58D4A}
		{84F38947-4029-4135-B74F-5F357DCDCF16} = {634DD505-7F47-42EC-AC2E-76C003F58D4A}
		{AC9FC723-36B3-4B57-B429-DCA6C261F071} = {AACDF391-E723-4F8A-98D6-1FEA43164211}
		{61B17790-729D-4165-BC9B-AA558D352566} = {AEEA57EA-9060-4868-9E33-D8CC57640A13}
		{3EAD5046-9AC2-4EDD-BC57-7B487EED8463} = {7626862F-700E-4938-9AD3-6AAD17D04CE5}
		{AB67D154-0C94-4192-AA33-F8388E882DD4} = {78C15374-C6B0-4FD3-B92B-90B9443A2F55}
		{DE626722-0518-4A81-A133-29DAB743FF3F} = {78C15374-C6B0-4FD3-B92B-90B9443A2F55}
		{60E774BC-6D3F-4B02-8689-0CCE4E12A098} = {78C15374-C6B0-4FD3-B92B-90B9443A2F55}
		{7B3DA14A-F111-405C-A5E0-165431E41A46} = {DAD4BAFD-875B-47BB-B938-7EA8BB92B05E}
		{3FAD0261-89FA-4405-8253-FC13FCE050C1} = {A004CDD2-2302-4BD6-9C5D-A0B05C0021E1}
		{5EE2AEA6-317D-4565-97D2-83CD9854FD84} = {FC07F4FF-D06A-4CF3-A31B-FB5B3124E90A}
		{F3F9A7D6-F4DA-4202-818F-0C5A8F120933} = {84F38947-4029-4135-B74F-5F357DCDCF16}
		{A0E81C26-2005-4F64-9596-3CB3936E94BA} = {9AC7F707-81E5-44D7-8148-28069C8AACEB}
		{FF82468F-9541-4B11-B99E-43E3D3350174} = {A0E81C26-2005-4F64-9596-3CB3936E94BA}
		{6E8856FE-15E6-428C-83BA-4D9E925B1D21} = {FF82468F-9541-4B11-B99E-43E3D3350174}
		{D2A0CE91-BCCA-486D-97D9-184AE242E867} = {9AC7F707-81E5-44D7-8148-28069C8AACEB}
		{EE2FB786-543B-425C-A270-C19A36BEFB2F} = {D2A0CE91-BCCA-486D-97D9-184AE242E867}
		{42BAF3C9-8E06-438D-947F-6FCE2A415C30} = {EE2FB786-543B-425C-A270-C19A36BEFB2F}
		{A3DF22DD-8EC2-484A-9389-FA626FF8225D} = {EE2FB786-543B-425C-A270-C19A36BEFB2F}
	EndGlobalSection
	GlobalSection(ProjectConfigurationPlatforms) = postSolution
		{36B477F2-BE8F-4481-A392-32A6585FA187}.Debug|Any CPU.ActiveCfg = Debug|Any CPU
		{36B477F2-BE8F-4481-A392-32A6585FA187}.Debug|Any CPU.Build.0 = Debug|Any CPU
		{36B477F2-BE8F-4481-A392-32A6585FA187}.Release|Any CPU.ActiveCfg = Release|Any CPU
		{36B477F2-BE8F-4481-A392-32A6585FA187}.Release|Any CPU.Build.0 = Release|Any CPU
		{AC9FC723-36B3-4B57-B429-DCA6C261F071}.Debug|Any CPU.ActiveCfg = Debug|Any CPU
		{AC9FC723-36B3-4B57-B429-DCA6C261F071}.Debug|Any CPU.Build.0 = Debug|Any CPU
		{AC9FC723-36B3-4B57-B429-DCA6C261F071}.Release|Any CPU.ActiveCfg = Release|Any CPU
		{AC9FC723-36B3-4B57-B429-DCA6C261F071}.Release|Any CPU.Build.0 = Release|Any CPU
		{61B17790-729D-4165-BC9B-AA558D352566}.Debug|Any CPU.ActiveCfg = Debug|Any CPU
		{61B17790-729D-4165-BC9B-AA558D352566}.Debug|Any CPU.Build.0 = Debug|Any CPU
		{61B17790-729D-4165-BC9B-AA558D352566}.Release|Any CPU.ActiveCfg = Release|Any CPU
		{61B17790-729D-4165-BC9B-AA558D352566}.Release|Any CPU.Build.0 = Release|Any CPU
		{3EAD5046-9AC2-4EDD-BC57-7B487EED8463}.Debug|Any CPU.ActiveCfg = Debug|Any CPU
		{3EAD5046-9AC2-4EDD-BC57-7B487EED8463}.Debug|Any CPU.Build.0 = Debug|Any CPU
		{3EAD5046-9AC2-4EDD-BC57-7B487EED8463}.Release|Any CPU.ActiveCfg = Release|Any CPU
		{3EAD5046-9AC2-4EDD-BC57-7B487EED8463}.Release|Any CPU.Build.0 = Release|Any CPU
		{AB67D154-0C94-4192-AA33-F8388E882DD4}.Debug|Any CPU.ActiveCfg = Debug|Any CPU
		{AB67D154-0C94-4192-AA33-F8388E882DD4}.Debug|Any CPU.Build.0 = Debug|Any CPU
		{AB67D154-0C94-4192-AA33-F8388E882DD4}.Release|Any CPU.ActiveCfg = Release|Any CPU
		{AB67D154-0C94-4192-AA33-F8388E882DD4}.Release|Any CPU.Build.0 = Release|Any CPU
		{DE626722-0518-4A81-A133-29DAB743FF3F}.Debug|Any CPU.ActiveCfg = Debug|Any CPU
		{DE626722-0518-4A81-A133-29DAB743FF3F}.Debug|Any CPU.Build.0 = Debug|Any CPU
		{DE626722-0518-4A81-A133-29DAB743FF3F}.Release|Any CPU.ActiveCfg = Release|Any CPU
		{DE626722-0518-4A81-A133-29DAB743FF3F}.Release|Any CPU.Build.0 = Release|Any CPU
		{60E774BC-6D3F-4B02-8689-0CCE4E12A098}.Debug|Any CPU.ActiveCfg = Debug|Any CPU
		{60E774BC-6D3F-4B02-8689-0CCE4E12A098}.Debug|Any CPU.Build.0 = Debug|Any CPU
		{60E774BC-6D3F-4B02-8689-0CCE4E12A098}.Release|Any CPU.ActiveCfg = Release|Any CPU
		{60E774BC-6D3F-4B02-8689-0CCE4E12A098}.Release|Any CPU.Build.0 = Release|Any CPU
		{7B3DA14A-F111-405C-A5E0-165431E41A46}.Debug|Any CPU.ActiveCfg = Debug|Any CPU
		{7B3DA14A-F111-405C-A5E0-165431E41A46}.Debug|Any CPU.Build.0 = Debug|Any CPU
		{7B3DA14A-F111-405C-A5E0-165431E41A46}.Release|Any CPU.ActiveCfg = Release|Any CPU
		{7B3DA14A-F111-405C-A5E0-165431E41A46}.Release|Any CPU.Build.0 = Release|Any CPU
		{3FAD0261-89FA-4405-8253-FC13FCE050C1}.Debug|Any CPU.ActiveCfg = Debug|Any CPU
		{3FAD0261-89FA-4405-8253-FC13FCE050C1}.Debug|Any CPU.Build.0 = Debug|Any CPU
		{3FAD0261-89FA-4405-8253-FC13FCE050C1}.Release|Any CPU.ActiveCfg = Release|Any CPU
		{3FAD0261-89FA-4405-8253-FC13FCE050C1}.Release|Any CPU.Build.0 = Release|Any CPU
		{5EE2AEA6-317D-4565-97D2-83CD9854FD84}.Debug|Any CPU.ActiveCfg = Debug|Any CPU
		{5EE2AEA6-317D-4565-97D2-83CD9854FD84}.Debug|Any CPU.Build.0 = Debug|Any CPU
		{5EE2AEA6-317D-4565-97D2-83CD9854FD84}.Release|Any CPU.ActiveCfg = Release|Any CPU
		{5EE2AEA6-317D-4565-97D2-83CD9854FD84}.Release|Any CPU.Build.0 = Release|Any CPU
		{F3F9A7D6-F4DA-4202-818F-0C5A8F120933}.Debug|Any CPU.ActiveCfg = Debug|Any CPU
		{F3F9A7D6-F4DA-4202-818F-0C5A8F120933}.Debug|Any CPU.Build.0 = Debug|Any CPU
		{F3F9A7D6-F4DA-4202-818F-0C5A8F120933}.Release|Any CPU.ActiveCfg = Release|Any CPU
		{F3F9A7D6-F4DA-4202-818F-0C5A8F120933}.Release|Any CPU.Build.0 = Release|Any CPU
		{6E8856FE-15E6-428C-83BA-4D9E925B1D21}.Debug|Any CPU.ActiveCfg = Debug|Any CPU
		{6E8856FE-15E6-428C-83BA-4D9E925B1D21}.Debug|Any CPU.Build.0 = Debug|Any CPU
		{6E8856FE-15E6-428C-83BA-4D9E925B1D21}.Release|Any CPU.ActiveCfg = Release|Any CPU
		{6E8856FE-15E6-428C-83BA-4D9E925B1D21}.Release|Any CPU.Build.0 = Release|Any CPU
		{42BAF3C9-8E06-438D-947F-6FCE2A415C30}.Debug|Any CPU.ActiveCfg = Debug|Any CPU
		{42BAF3C9-8E06-438D-947F-6FCE2A415C30}.Debug|Any CPU.Build.0 = Debug|Any CPU
		{42BAF3C9-8E06-438D-947F-6FCE2A415C30}.Release|Any CPU.ActiveCfg = Release|Any CPU
		{42BAF3C9-8E06-438D-947F-6FCE2A415C30}.Release|Any CPU.Build.0 = Release|Any CPU
		{A3DF22DD-8EC2-484A-9389-FA626FF8225D}.Debug|Any CPU.ActiveCfg = Debug|Any CPU
		{A3DF22DD-8EC2-484A-9389-FA626FF8225D}.Debug|Any CPU.Build.0 = Debug|Any CPU
		{A3DF22DD-8EC2-484A-9389-FA626FF8225D}.Release|Any CPU.ActiveCfg = Release|Any CPU
		{A3DF22DD-8EC2-484A-9389-FA626FF8225D}.Release|Any CPU.Build.0 = Release|Any CPU
	EndGlobalSection
EndGlobal
