
Microsoft Visual Studio Solution File, Format Version 12.00
# Visual Studio Version 17
VisualStudioVersion = 17.8.34309.116
MinimumVisualStudioVersion = 10.0.40219.1
Project("{2150E333-8FDC-42A3-9474-1A3956D46DE8}") = "Api", "Api", "{F7A6067F-42D3-4F59-BC88-0A57A4B903F1}"
EndProject
Project("{2150E333-8FDC-42A3-9474-1A3956D46DE8}") = "BuildingBlocks", "BuildingBlocks", "{BD4BC863-4353-4CDF-8085-F0212A2EEA11}"
EndProject
Project("{2150E333-8FDC-42A3-9474-1A3956D46DE8}") = "Modules", "Modules", "{34A73111-C432-4051-ACE5-968F7ED3F634}"
EndProject
Project("{2150E333-8FDC-42A3-9474-1A3956D46DE8}") = "src", "src", "{CA40C0D9-091C-4098-8F0E-FEA1C777303E}"
EndProject
Project("{9A19103F-16F7-4668-BE54-9A1E7A4F7556}") = "BuildingBlocks", "src\BuildingBlocks\BuildingBlocks.csproj", "{285E55A8-0C26-41DB-AD72-0D0557BDAE76}"
EndProject
Project("{2150E333-8FDC-42A3-9474-1A3956D46DE8}") = "Booking", "Booking", "{F8725F12-8D95-4A62-9D27-84909E215D36}"
EndProject
Project("{2150E333-8FDC-42A3-9474-1A3956D46DE8}") = "Flight", "Flight", "{4A86BE62-83F4-4CB6-94F8-A5F00304A44E}"
EndProject
Project("{2150E333-8FDC-42A3-9474-1A3956D46DE8}") = "Identity", "Identity", "{CB89FC18-7C55-4671-A4D6-025FF54C2741}"
EndProject
Project("{2150E333-8FDC-42A3-9474-1A3956D46DE8}") = "Passenger", "Passenger", "{E5653FEF-8BC9-4B78-AF78-10BA09A06462}"
EndProject
Project("{2150E333-8FDC-42A3-9474-1A3956D46DE8}") = "src", "src", "{BAB888BA-2703-4114-93C2-501EA48454E4}"
EndProject
Project("{2150E333-8FDC-42A3-9474-1A3956D46DE8}") = "src", "src", "{2BF6ABC1-6F8C-4FE2-97DB-862669F3913F}"
EndProject
Project("{2150E333-8FDC-42A3-9474-1A3956D46DE8}") = "src", "src", "{70395541-D3C0-4E8B-830F-E1C93926F9C8}"
EndProject
Project("{2150E333-8FDC-42A3-9474-1A3956D46DE8}") = "src", "src", "{0468D5FF-FA73-422F-AB68-A3900B0DB937}"
EndProject
Project("{9A19103F-16F7-4668-BE54-9A1E7A4F7556}") = "Flight", "src\Modules\Flight\src\Flight\Flight.csproj", "{56CE1785-AA9B-427E-AE29-492A637DDD1A}"
EndProject
Project("{9A19103F-16F7-4668-BE54-9A1E7A4F7556}") = "Identity", "src\Modules\Identity\src\Identity\Identity.csproj", "{7A590034-D985-4BC6-82ED-83839AAB052D}"
EndProject
Project("{9A19103F-16F7-4668-BE54-9A1E7A4F7556}") = "Passenger", "src\Modules\Passenger\src\Passenger\Passenger.csproj", "{747845A0-25C5-4E01-A735-1B1E2ADA9554}"
EndProject
Project("{9A19103F-16F7-4668-BE54-9A1E7A4F7556}") = "Api", "src\Api\src\Api.csproj", "{3B2CDE51-E7F9-418E-AA28-4BFD86C728F4}"
EndProject
Project("{9A19103F-16F7-4668-BE54-9A1E7A4F7556}") = "Booking", "src\Modules\Booking\src\Booking\Booking.csproj", "{EE98D038-5711-4049-8197-41B4C52DFEE9}"
EndProject
Global
	GlobalSection(SolutionConfigurationPlatforms) = preSolution
		Debug|Any CPU = Debug|Any CPU
		Release|Any CPU = Release|Any CPU
	EndGlobalSection
	GlobalSection(ProjectConfigurationPlatforms) = postSolution
		{285E55A8-0C26-41DB-AD72-0D0557BDAE76}.Debug|Any CPU.ActiveCfg = Debug|Any CPU
		{285E55A8-0C26-41DB-AD72-0D0557BDAE76}.Debug|Any CPU.Build.0 = Debug|Any CPU
		{285E55A8-0C26-41DB-AD72-0D0557BDAE76}.Release|Any CPU.ActiveCfg = Release|Any CPU
		{285E55A8-0C26-41DB-AD72-0D0557BDAE76}.Release|Any CPU.Build.0 = Release|Any CPU
		{56CE1785-AA9B-427E-AE29-492A637DDD1A}.Debug|Any CPU.ActiveCfg = Debug|Any CPU
		{56CE1785-AA9B-427E-AE29-492A637DDD1A}.Debug|Any CPU.Build.0 = Debug|Any CPU
		{56CE1785-AA9B-427E-AE29-492A637DDD1A}.Release|Any CPU.ActiveCfg = Release|Any CPU
		{56CE1785-AA9B-427E-AE29-492A637DDD1A}.Release|Any CPU.Build.0 = Release|Any CPU
		{7A590034-D985-4BC6-82ED-83839AAB052D}.Debug|Any CPU.ActiveCfg = Debug|Any CPU
		{7A590034-D985-4BC6-82ED-83839AAB052D}.Debug|Any CPU.Build.0 = Debug|Any CPU
		{7A590034-D985-4BC6-82ED-83839AAB052D}.Release|Any CPU.ActiveCfg = Release|Any CPU
		{7A590034-D985-4BC6-82ED-83839AAB052D}.Release|Any CPU.Build.0 = Release|Any CPU
		{747845A0-25C5-4E01-A735-1B1E2ADA9554}.Debug|Any CPU.ActiveCfg = Debug|Any CPU
		{747845A0-25C5-4E01-A735-1B1E2ADA9554}.Debug|Any CPU.Build.0 = Debug|Any CPU
		{747845A0-25C5-4E01-A735-1B1E2ADA9554}.Release|Any CPU.ActiveCfg = Release|Any CPU
		{747845A0-25C5-4E01-A735-1B1E2ADA9554}.Release|Any CPU.Build.0 = Release|Any CPU
		{3B2CDE51-E7F9-418E-AA28-4BFD86C728F4}.Debug|Any CPU.ActiveCfg = Debug|Any CPU
		{3B2CDE51-E7F9-418E-AA28-4BFD86C728F4}.Debug|Any CPU.Build.0 = Debug|Any CPU
		{3B2CDE51-E7F9-418E-AA28-4BFD86C728F4}.Release|Any CPU.ActiveCfg = Release|Any CPU
		{3B2CDE51-E7F9-418E-AA28-4BFD86C728F4}.Release|Any CPU.Build.0 = Release|Any CPU
		{EE98D038-5711-4049-8197-41B4C52DFEE9}.Debug|Any CPU.ActiveCfg = Debug|Any CPU
		{EE98D038-5711-4049-8197-41B4C52DFEE9}.Debug|Any CPU.Build.0 = Debug|Any CPU
		{EE98D038-5711-4049-8197-41B4C52DFEE9}.Release|Any CPU.ActiveCfg = Release|Any CPU
		{EE98D038-5711-4049-8197-41B4C52DFEE9}.Release|Any CPU.Build.0 = Release|Any CPU
	EndGlobalSection
	GlobalSection(SolutionProperties) = preSolution
		HideSolutionNode = FALSE
	EndGlobalSection
	GlobalSection(NestedProjects) = preSolution
		{CA40C0D9-091C-4098-8F0E-FEA1C777303E} = {F7A6067F-42D3-4F59-BC88-0A57A4B903F1}
		{285E55A8-0C26-41DB-AD72-0D0557BDAE76} = {BD4BC863-4353-4CDF-8085-F0212A2EEA11}
		{F8725F12-8D95-4A62-9D27-84909E215D36} = {34A73111-C432-4051-ACE5-968F7ED3F634}
		{4A86BE62-83F4-4CB6-94F8-A5F00304A44E} = {34A73111-C432-4051-ACE5-968F7ED3F634}
		{CB89FC18-7C55-4671-A4D6-025FF54C2741} = {34A73111-C432-4051-ACE5-968F7ED3F634}
		{E5653FEF-8BC9-4B78-AF78-10BA09A06462} = {34A73111-C432-4051-ACE5-968F7ED3F634}
		{BAB888BA-2703-4114-93C2-501EA48454E4} = {F8725F12-8D95-4A62-9D27-84909E215D36}
		{2BF6ABC1-6F8C-4FE2-97DB-862669F3913F} = {4A86BE62-83F4-4CB6-94F8-A5F00304A44E}
		{70395541-D3C0-4E8B-830F-E1C93926F9C8} = {CB89FC18-7C55-4671-A4D6-025FF54C2741}
		{0468D5FF-FA73-422F-AB68-A3900B0DB937} = {E5653FEF-8BC9-4B78-AF78-10BA09A06462}
		{56CE1785-AA9B-427E-AE29-492A637DDD1A} = {2BF6ABC1-6F8C-4FE2-97DB-862669F3913F}
		{7A590034-D985-4BC6-82ED-83839AAB052D} = {70395541-D3C0-4E8B-830F-E1C93926F9C8}
		{747845A0-25C5-4E01-A735-1B1E2ADA9554} = {0468D5FF-FA73-422F-AB68-A3900B0DB937}
		{3B2CDE51-E7F9-418E-AA28-4BFD86C728F4} = {CA40C0D9-091C-4098-8F0E-FEA1C777303E}
		{EE98D038-5711-4049-8197-41B4C52DFEE9} = {BAB888BA-2703-4114-93C2-501EA48454E4}
	EndGlobalSection
	GlobalSection(ExtensibilityGlobals) = postSolution
		SolutionGuid = {A809DAA3-8F41-4B78-8F09-F03B2FB31AB5}
	EndGlobalSection
EndGlobal
